// !$*UTF8*$!
{
	archiveVersion = 1;
	classes = {
	};
	objectVersion = 50;
	objects = {

/* Begin PBXBuildFile section */
		31065C0F23AD6405003AF807 /* AppDelegate.swift in Sources */ = {isa = PBXBuildFile; fileRef = 31065C0E23AD6405003AF807 /* AppDelegate.swift */; };
		31065C1123AD6405003AF807 /* ViewController.swift in Sources */ = {isa = PBXBuildFile; fileRef = 31065C1023AD6405003AF807 /* ViewController.swift */; };
		31065C1423AD6405003AF807 /* Main.storyboard in Resources */ = {isa = PBXBuildFile; fileRef = 31065C1223AD6405003AF807 /* Main.storyboard */; };
		31065C1623AD6405003AF807 /* Assets.xcassets in Resources */ = {isa = PBXBuildFile; fileRef = 31065C1523AD6405003AF807 /* Assets.xcassets */; };
		31065C1923AD6405003AF807 /* LaunchScreen.storyboard in Resources */ = {isa = PBXBuildFile; fileRef = 31065C1723AD6405003AF807 /* LaunchScreen.storyboard */; };
		31065C2123AE02CE003AF807 /* Home.storyboard in Resources */ = {isa = PBXBuildFile; fileRef = 31065C2023AE02CE003AF807 /* Home.storyboard */; };
		31065C2323AE0324003AF807 /* Favorites.storyboard in Resources */ = {isa = PBXBuildFile; fileRef = 31065C2223AE0324003AF807 /* Favorites.storyboard */; };
		31065C2523AE0359003AF807 /* AddNewEvent.storyboard in Resources */ = {isa = PBXBuildFile; fileRef = 31065C2423AE0359003AF807 /* AddNewEvent.storyboard */; };
		31065C2723AE038A003AF807 /* Chat.storyboard in Resources */ = {isa = PBXBuildFile; fileRef = 31065C2623AE038A003AF807 /* Chat.storyboard */; };
		31065C2923AE03AF003AF807 /* Profile.storyboard in Resources */ = {isa = PBXBuildFile; fileRef = 31065C2823AE03AF003AF807 /* Profile.storyboard */; };
		31065C2B23AE0EB5003AF807 /* ProfileViewController.swift in Sources */ = {isa = PBXBuildFile; fileRef = 31065C2A23AE0EB5003AF807 /* ProfileViewController.swift */; };
		31065C2D23AE13B8003AF807 /* EventModel.swift in Sources */ = {isa = PBXBuildFile; fileRef = 31065C2C23AE13B8003AF807 /* EventModel.swift */; };
		31065C3123AE15E6003AF807 /* CustomEventTableViewCell.swift in Sources */ = {isa = PBXBuildFile; fileRef = 31065C3023AE15E6003AF807 /* CustomEventTableViewCell.swift */; };
		31C2A7F823B204ED004C97B5 /* .gitignore in Resources */ = {isa = PBXBuildFile; fileRef = 31C2A7F723B204ED004C97B5 /* .gitignore */; };
		31C2A81E23B26895004C97B5 /* MyEventsViewController.swift in Sources */ = {isa = PBXBuildFile; fileRef = 31C2A81D23B26895004C97B5 /* MyEventsViewController.swift */; };
		31C2A82023B26C5B004C97B5 /* MyRatingsViewController.swift in Sources */ = {isa = PBXBuildFile; fileRef = 31C2A81F23B26C5B004C97B5 /* MyRatingsViewController.swift */; };
		31C2A82223B28563004C97B5 /* MyArchieveViewController.swift in Sources */ = {isa = PBXBuildFile; fileRef = 31C2A82123B28563004C97B5 /* MyArchieveViewController.swift */; };
		31C2A82423B28717004C97B5 /* ProfileModel.swift in Sources */ = {isa = PBXBuildFile; fileRef = 31C2A82323B28717004C97B5 /* ProfileModel.swift */; };
/* End PBXBuildFile section */

/* Begin PBXFileReference section */
		31065C0B23AD6405003AF807 /* TestLayout.app */ = {isa = PBXFileReference; explicitFileType = wrapper.application; includeInIndex = 0; path = TestLayout.app; sourceTree = BUILT_PRODUCTS_DIR; };
		31065C0E23AD6405003AF807 /* AppDelegate.swift */ = {isa = PBXFileReference; lastKnownFileType = sourcecode.swift; path = AppDelegate.swift; sourceTree = "<group>"; };
		31065C1023AD6405003AF807 /* ViewController.swift */ = {isa = PBXFileReference; lastKnownFileType = sourcecode.swift; path = ViewController.swift; sourceTree = "<group>"; };
		31065C1323AD6405003AF807 /* Base */ = {isa = PBXFileReference; lastKnownFileType = file.storyboard; name = Base; path = Base.lproj/Main.storyboard; sourceTree = "<group>"; };
		31065C1523AD6405003AF807 /* Assets.xcassets */ = {isa = PBXFileReference; lastKnownFileType = folder.assetcatalog; path = Assets.xcassets; sourceTree = "<group>"; };
		31065C1823AD6405003AF807 /* Base */ = {isa = PBXFileReference; lastKnownFileType = file.storyboard; name = Base; path = Base.lproj/LaunchScreen.storyboard; sourceTree = "<group>"; };
		31065C1A23AD6405003AF807 /* Info.plist */ = {isa = PBXFileReference; lastKnownFileType = text.plist.xml; path = Info.plist; sourceTree = "<group>"; };
		31065C2023AE02CE003AF807 /* Home.storyboard */ = {isa = PBXFileReference; lastKnownFileType = file.storyboard; path = Home.storyboard; sourceTree = "<group>"; };
		31065C2223AE0324003AF807 /* Favorites.storyboard */ = {isa = PBXFileReference; lastKnownFileType = file.storyboard; path = Favorites.storyboard; sourceTree = "<group>"; };
		31065C2423AE0359003AF807 /* AddNewEvent.storyboard */ = {isa = PBXFileReference; lastKnownFileType = file.storyboard; path = AddNewEvent.storyboard; sourceTree = "<group>"; };
		31065C2623AE038A003AF807 /* Chat.storyboard */ = {isa = PBXFileReference; lastKnownFileType = file.storyboard; path = Chat.storyboard; sourceTree = "<group>"; };
		31065C2823AE03AF003AF807 /* Profile.storyboard */ = {isa = PBXFileReference; lastKnownFileType = file.storyboard; path = Profile.storyboard; sourceTree = "<group>"; };
		31065C2A23AE0EB5003AF807 /* ProfileViewController.swift */ = {isa = PBXFileReference; lastKnownFileType = sourcecode.swift; path = ProfileViewController.swift; sourceTree = "<group>"; };
		31065C2C23AE13B8003AF807 /* EventModel.swift */ = {isa = PBXFileReference; lastKnownFileType = sourcecode.swift; path = EventModel.swift; sourceTree = "<group>"; };
		31065C3023AE15E6003AF807 /* CustomEventTableViewCell.swift */ = {isa = PBXFileReference; lastKnownFileType = sourcecode.swift; path = CustomEventTableViewCell.swift; sourceTree = "<group>"; };
		31C2A7F723B204ED004C97B5 /* .gitignore */ = {isa = PBXFileReference; lastKnownFileType = text; path = .gitignore; sourceTree = "<group>"; };
		31C2A81D23B26895004C97B5 /* MyEventsViewController.swift */ = {isa = PBXFileReference; lastKnownFileType = sourcecode.swift; path = MyEventsViewController.swift; sourceTree = "<group>"; };
		31C2A81F23B26C5B004C97B5 /* MyRatingsViewController.swift */ = {isa = PBXFileReference; lastKnownFileType = sourcecode.swift; path = MyRatingsViewController.swift; sourceTree = "<group>"; };
		31C2A82123B28563004C97B5 /* MyArchieveViewController.swift */ = {isa = PBXFileReference; lastKnownFileType = sourcecode.swift; path = MyArchieveViewController.swift; sourceTree = "<group>"; };
		31C2A82323B28717004C97B5 /* ProfileModel.swift */ = {isa = PBXFileReference; lastKnownFileType = sourcecode.swift; path = ProfileModel.swift; sourceTree = "<group>"; };
/* End PBXFileReference section */

/* Begin PBXFrameworksBuildPhase section */
		31065C0823AD6405003AF807 /* Frameworks */ = {
			isa = PBXFrameworksBuildPhase;
			buildActionMask = 2147483647;
			files = (
			);
			runOnlyForDeploymentPostprocessing = 0;
		};
/* End PBXFrameworksBuildPhase section */

/* Begin PBXGroup section */
		31065C0223AD6405003AF807 = {
			isa = PBXGroup;
			children = (
				31C2A7F723B204ED004C97B5 /* .gitignore */,
				31065C0D23AD6405003AF807 /* TestLayout */,
				31065C0C23AD6405003AF807 /* Products */,
			);
			sourceTree = "<group>";
		};
		31065C0C23AD6405003AF807 /* Products */ = {
			isa = PBXGroup;
			children = (
				31065C0B23AD6405003AF807 /* TestLayout.app */,
			);
			name = Products;
			sourceTree = "<group>";
		};
		31065C0D23AD6405003AF807 /* TestLayout */ = {
			isa = PBXGroup;
			children = (
				31C2A82523B2878A004C97B5 /* Models */,
				31065C2F23AE1532003AF807 /* ViewControllers */,
				31065C2E23AE14F7003AF807 /* Storyboards */,
				31065C0E23AD6405003AF807 /* AppDelegate.swift */,
				31065C1523AD6405003AF807 /* Assets.xcassets */,
				31065C1A23AD6405003AF807 /* Info.plist */,
			);
			path = TestLayout;
			sourceTree = "<group>";
		};
		31065C2E23AE14F7003AF807 /* Storyboards */ = {
			isa = PBXGroup;
			children = (
				31065C1223AD6405003AF807 /* Main.storyboard */,
				31065C1723AD6405003AF807 /* LaunchScreen.storyboard */,
				31065C2023AE02CE003AF807 /* Home.storyboard */,
				31065C2223AE0324003AF807 /* Favorites.storyboard */,
				31065C2423AE0359003AF807 /* AddNewEvent.storyboard */,
				31065C2623AE038A003AF807 /* Chat.storyboard */,
				31065C2823AE03AF003AF807 /* Profile.storyboard */,
			);
			path = Storyboards;
			sourceTree = "<group>";
		};
		31065C2F23AE1532003AF807 /* ViewControllers */ = {
			isa = PBXGroup;
			children = (
				31065C1023AD6405003AF807 /* ViewController.swift */,
				31065C2A23AE0EB5003AF807 /* ProfileViewController.swift */,
				31065C3023AE15E6003AF807 /* CustomEventTableViewCell.swift */,
				31C2A81D23B26895004C97B5 /* MyEventsViewController.swift */,
				31C2A81F23B26C5B004C97B5 /* MyRatingsViewController.swift */,
				31C2A82123B28563004C97B5 /* MyArchieveViewController.swift */,
			);
			path = ViewControllers;
			sourceTree = "<group>";
		};
		31C2A82523B2878A004C97B5 /* Models */ = {
			isa = PBXGroup;
			children = (
				31065C2C23AE13B8003AF807 /* EventModel.swift */,
				31C2A82323B28717004C97B5 /* ProfileModel.swift */,
			);
			path = Models;
			sourceTree = "<group>";
		};
/* End PBXGroup section */

/* Begin PBXNativeTarget section */
		31065C0A23AD6405003AF807 /* TestLayout */ = {
			isa = PBXNativeTarget;
			buildConfigurationList = 31065C1D23AD6405003AF807 /* Build configuration list for PBXNativeTarget "TestLayout" */;
			buildPhases = (
				31065C0723AD6405003AF807 /* Sources */,
				31065C0823AD6405003AF807 /* Frameworks */,
				31065C0923AD6405003AF807 /* Resources */,
			);
			buildRules = (
			);
			dependencies = (
			);
			name = TestLayout;
			productName = TestLayout;
			productReference = 31065C0B23AD6405003AF807 /* TestLayout.app */;
			productType = "com.apple.product-type.application";
		};
/* End PBXNativeTarget section */

/* Begin PBXProject section */
		31065C0323AD6405003AF807 /* Project object */ = {
			isa = PBXProject;
			attributes = {
				LastSwiftUpdateCheck = 1030;
				LastUpgradeCheck = 1030;
				ORGANIZATIONNAME = "Valeria Muldt";
				TargetAttributes = {
					31065C0A23AD6405003AF807 = {
						CreatedOnToolsVersion = 10.3;
					};
				};
			};
			buildConfigurationList = 31065C0623AD6405003AF807 /* Build configuration list for PBXProject "TestLayout" */;
			compatibilityVersion = "Xcode 9.3";
			developmentRegion = en;
			hasScannedForEncodings = 0;
			knownRegions = (
				en,
				Base,
			);
			mainGroup = 31065C0223AD6405003AF807;
			productRefGroup = 31065C0C23AD6405003AF807 /* Products */;
			projectDirPath = "";
			projectRoot = "";
			targets = (
				31065C0A23AD6405003AF807 /* TestLayout */,
			);
		};
/* End PBXProject section */

/* Begin PBXResourcesBuildPhase section */
		31065C0923AD6405003AF807 /* Resources */ = {
			isa = PBXResourcesBuildPhase;
			buildActionMask = 2147483647;
			files = (
				31065C2723AE038A003AF807 /* Chat.storyboard in Resources */,
				31065C1923AD6405003AF807 /* LaunchScreen.storyboard in Resources */,
				31065C2923AE03AF003AF807 /* Profile.storyboard in Resources */,
				31065C1623AD6405003AF807 /* Assets.xcassets in Resources */,
				31065C2523AE0359003AF807 /* AddNewEvent.storyboard in Resources */,
				31065C1423AD6405003AF807 /* Main.storyboard in Resources */,
				31065C2123AE02CE003AF807 /* Home.storyboard in Resources */,
				31C2A7F823B204ED004C97B5 /* .gitignore in Resources */,
				31065C2323AE0324003AF807 /* Favorites.storyboard in Resources */,
			);
			runOnlyForDeploymentPostprocessing = 0;
		};
/* End PBXResourcesBuildPhase section */

/* Begin PBXSourcesBuildPhase section */
		31065C0723AD6405003AF807 /* Sources */ = {
			isa = PBXSourcesBuildPhase;
			buildActionMask = 2147483647;
			files = (
				31C2A82423B28717004C97B5 /* ProfileModel.swift in Sources */,
				31065C2B23AE0EB5003AF807 /* ProfileViewController.swift in Sources */,
				31C2A82023B26C5B004C97B5 /* MyRatingsViewController.swift in Sources */,
				31C2A81E23B26895004C97B5 /* MyEventsViewController.swift in Sources */,
				31065C1123AD6405003AF807 /* ViewController.swift in Sources */,
				31065C2D23AE13B8003AF807 /* EventModel.swift in Sources */,
				31C2A82223B28563004C97B5 /* MyArchieveViewController.swift in Sources */,
				31065C0F23AD6405003AF807 /* AppDelegate.swift in Sources */,
				31065C3123AE15E6003AF807 /* CustomEventTableViewCell.swift in Sources */,
			);
			runOnlyForDeploymentPostprocessing = 0;
		};
/* End PBXSourcesBuildPhase section */

/* Begin PBXVariantGroup section */
		31065C1223AD6405003AF807 /* Main.storyboard */ = {
			isa = PBXVariantGroup;
			children = (
				31065C1323AD6405003AF807 /* Base */,
			);
			name = Main.storyboard;
			sourceTree = "<group>";
		};
		31065C1723AD6405003AF807 /* LaunchScreen.storyboard */ = {
			isa = PBXVariantGroup;
			children = (
				31065C1823AD6405003AF807 /* Base */,
			);
			name = LaunchScreen.storyboard;
			sourceTree = "<group>";
		};
/* End PBXVariantGroup section */

/* Begin XCBuildConfiguration section */
		31065C1B23AD6405003AF807 /* Debug */ = {
			isa = XCBuildConfiguration;
			buildSettings = {
				ALWAYS_SEARCH_USER_PATHS = NO;
				CLANG_ANALYZER_NONNULL = YES;
				CLANG_ANALYZER_NUMBER_OBJECT_CONVERSION = YES_AGGRESSIVE;
				CLANG_CXX_LANGUAGE_STANDARD = "gnu++14";
				CLANG_CXX_LIBRARY = "libc++";
				CLANG_ENABLE_MODULES = YES;
				CLANG_ENABLE_OBJC_ARC = YES;
				CLANG_ENABLE_OBJC_WEAK = YES;
				CLANG_WARN_BLOCK_CAPTURE_AUTORELEASING = YES;
				CLANG_WARN_BOOL_CONVERSION = YES;
				CLANG_WARN_COMMA = YES;
				CLANG_WARN_CONSTANT_CONVERSION = YES;
				CLANG_WARN_DEPRECATED_OBJC_IMPLEMENTATIONS = YES;
				CLANG_WARN_DIRECT_OBJC_ISA_USAGE = YES_ERROR;
				CLANG_WARN_DOCUMENTATION_COMMENTS = YES;
				CLANG_WARN_EMPTY_BODY = YES;
				CLANG_WARN_ENUM_CONVERSION = YES;
				CLANG_WARN_INFINITE_RECURSION = YES;
				CLANG_WARN_INT_CONVERSION = YES;
				CLANG_WARN_NON_LITERAL_NULL_CONVERSION = YES;
				CLANG_WARN_OBJC_IMPLICIT_RETAIN_SELF = YES;
				CLANG_WARN_OBJC_LITERAL_CONVERSION = YES;
				CLANG_WARN_OBJC_ROOT_CLASS = YES_ERROR;
				CLANG_WARN_RANGE_LOOP_ANALYSIS = YES;
				CLANG_WARN_STRICT_PROTOTYPES = YES;
				CLANG_WARN_SUSPICIOUS_MOVE = YES;
				CLANG_WARN_UNGUARDED_AVAILABILITY = YES_AGGRESSIVE;
				CLANG_WARN_UNREACHABLE_CODE = YES;
				CLANG_WARN__DUPLICATE_METHOD_MATCH = YES;
				CODE_SIGN_IDENTITY = "iPhone Developer";
				COPY_PHASE_STRIP = NO;
				DEBUG_INFORMATION_FORMAT = dwarf;
				ENABLE_STRICT_OBJC_MSGSEND = YES;
				ENABLE_TESTABILITY = YES;
				GCC_C_LANGUAGE_STANDARD = gnu11;
				GCC_DYNAMIC_NO_PIC = NO;
				GCC_NO_COMMON_BLOCKS = YES;
				GCC_OPTIMIZATION_LEVEL = 0;
				GCC_PREPROCESSOR_DEFINITIONS = (
					"DEBUG=1",
					"$(inherited)",
				);
				GCC_WARN_64_TO_32_BIT_CONVERSION = YES;
				GCC_WARN_ABOUT_RETURN_TYPE = YES_ERROR;
				GCC_WARN_UNDECLARED_SELECTOR = YES;
				GCC_WARN_UNINITIALIZED_AUTOS = YES_AGGRESSIVE;
				GCC_WARN_UNUSED_FUNCTION = YES;
				GCC_WARN_UNUSED_VARIABLE = YES;
				IPHONEOS_DEPLOYMENT_TARGET = 12.4;
				MTL_ENABLE_DEBUG_INFO = INCLUDE_SOURCE;
				MTL_FAST_MATH = YES;
				ONLY_ACTIVE_ARCH = YES;
				SDKROOT = iphoneos;
				SWIFT_ACTIVE_COMPILATION_CONDITIONS = DEBUG;
				SWIFT_OPTIMIZATION_LEVEL = "-Onone";
			};
			name = Debug;
		};
		31065C1C23AD6405003AF807 /* Release */ = {
			isa = XCBuildConfiguration;
			buildSettings = {
				ALWAYS_SEARCH_USER_PATHS = NO;
				CLANG_ANALYZER_NONNULL = YES;
				CLANG_ANALYZER_NUMBER_OBJECT_CONVERSION = YES_AGGRESSIVE;
				CLANG_CXX_LANGUAGE_STANDARD = "gnu++14";
				CLANG_CXX_LIBRARY = "libc++";
				CLANG_ENABLE_MODULES = YES;
				CLANG_ENABLE_OBJC_ARC = YES;
				CLANG_ENABLE_OBJC_WEAK = YES;
				CLANG_WARN_BLOCK_CAPTURE_AUTORELEASING = YES;
				CLANG_WARN_BOOL_CONVERSION = YES;
				CLANG_WARN_COMMA = YES;
				CLANG_WARN_CONSTANT_CONVERSION = YES;
				CLANG_WARN_DEPRECATED_OBJC_IMPLEMENTATIONS = YES;
				CLANG_WARN_DIRECT_OBJC_ISA_USAGE = YES_ERROR;
				CLANG_WARN_DOCUMENTATION_COMMENTS = YES;
				CLANG_WARN_EMPTY_BODY = YES;
				CLANG_WARN_ENUM_CONVERSION = YES;
				CLANG_WARN_INFINITE_RECURSION = YES;
				CLANG_WARN_INT_CONVERSION = YES;
				CLANG_WARN_NON_LITERAL_NULL_CONVERSION = YES;
				CLANG_WARN_OBJC_IMPLICIT_RETAIN_SELF = YES;
				CLANG_WARN_OBJC_LITERAL_CONVERSION = YES;
				CLANG_WARN_OBJC_ROOT_CLASS = YES_ERROR;
				CLANG_WARN_RANGE_LOOP_ANALYSIS = YES;
				CLANG_WARN_STRICT_PROTOTYPES = YES;
				CLANG_WARN_SUSPICIOUS_MOVE = YES;
				CLANG_WARN_UNGUARDED_AVAILABILITY = YES_AGGRESSIVE;
				CLANG_WARN_UNREACHABLE_CODE = YES;
				CLANG_WARN__DUPLICATE_METHOD_MATCH = YES;
				CODE_SIGN_IDENTITY = "iPhone Developer";
				COPY_PHASE_STRIP = NO;
				DEBUG_INFORMATION_FORMAT = "dwarf-with-dsym";
				ENABLE_NS_ASSERTIONS = NO;
				ENABLE_STRICT_OBJC_MSGSEND = YES;
				GCC_C_LANGUAGE_STANDARD = gnu11;
				GCC_NO_COMMON_BLOCKS = YES;
				GCC_WARN_64_TO_32_BIT_CONVERSION = YES;
				GCC_WARN_ABOUT_RETURN_TYPE = YES_ERROR;
				GCC_WARN_UNDECLARED_SELECTOR = YES;
				GCC_WARN_UNINITIALIZED_AUTOS = YES_AGGRESSIVE;
				GCC_WARN_UNUSED_FUNCTION = YES;
				GCC_WARN_UNUSED_VARIABLE = YES;
				IPHONEOS_DEPLOYMENT_TARGET = 12.4;
				MTL_ENABLE_DEBUG_INFO = NO;
				MTL_FAST_MATH = YES;
				SDKROOT = iphoneos;
				SWIFT_COMPILATION_MODE = wholemodule;
				SWIFT_OPTIMIZATION_LEVEL = "-O";
				VALIDATE_PRODUCT = YES;
			};
			name = Release;
		};
		31065C1E23AD6405003AF807 /* Debug */ = {
			isa = XCBuildConfiguration;
			buildSettings = {
				ASSETCATALOG_COMPILER_APPICON_NAME = AppIcon;
				CODE_SIGN_STYLE = Automatic;
				INFOPLIST_FILE = TestLayout/Info.plist;
				LD_RUNPATH_SEARCH_PATHS = (
					"$(inherited)",
					"@executable_path/Frameworks",
				);
				PRODUCT_BUNDLE_IDENTIFIER = com.valeria.TestLayout;
				PRODUCT_NAME = "$(TARGET_NAME)";
				SWIFT_VERSION = 5.0;
				TARGETED_DEVICE_FAMILY = "1,2";
			};
			name = Debug;
		};
		31065C1F23AD6405003AF807 /* Release */ = {
			isa = XCBuildConfiguration;
			buildSettings = {
				ASSETCATALOG_COMPILER_APPICON_NAME = AppIcon;
				CODE_SIGN_STYLE = Automatic;
				INFOPLIST_FILE = TestLayout/Info.plist;
				LD_RUNPATH_SEARCH_PATHS = (
					"$(inherited)",
					"@executable_path/Frameworks",
				);
				PRODUCT_BUNDLE_IDENTIFIER = com.valeria.TestLayout;
				PRODUCT_NAME = "$(TARGET_NAME)";
				SWIFT_VERSION = 5.0;
				TARGETED_DEVICE_FAMILY = "1,2";
			};
			name = Release;
		};
/* End XCBuildConfiguration section */

/* Begin XCConfigurationList section */
		31065C0623AD6405003AF807 /* Build configuration list for PBXProject "TestLayout" */ = {
			isa = XCConfigurationList;
			buildConfigurations = (
				31065C1B23AD6405003AF807 /* Debug */,
				31065C1C23AD6405003AF807 /* Release */,
			);
			defaultConfigurationIsVisible = 0;
			defaultConfigurationName = Release;
		};
		31065C1D23AD6405003AF807 /* Build configuration list for PBXNativeTarget "TestLayout" */ = {
			isa = XCConfigurationList;
			buildConfigurations = (
				31065C1E23AD6405003AF807 /* Debug */,
				31065C1F23AD6405003AF807 /* Release */,
			);
			defaultConfigurationIsVisible = 0;
			defaultConfigurationName = Release;
		};
/* End XCConfigurationList section */
	};
	rootObject = 31065C0323AD6405003AF807 /* Project object */;
}
